
Microsoft Visual Studio Solution File, Format Version 12.00
# Visual Studio Version 16
VisualStudioVersion = 16.0.31005.135
MinimumVisualStudioVersion = 10.0.40219.1
Project("{8BC9CEB8-8B4A-11D0-8D11-00A0C91BC942}") = "AlgorithmsLab1", "AlgorithmsLab1\AlgorithmsLab1.vcxproj", "{0C0AF133-DDDF-407F-90E2-B078E92801E7}"
EndProject
Project("{8BC9CEB8-8B4A-11D0-8D11-00A0C91BC942}") = "AlgorithmsLab2", "AlgoritnsLab2\AlgoritnsLab2.vcxproj", "{4A19DF97-0825-4158-9692-288227EC09CF}"
EndProject
Project("{8BC9CEB8-8B4A-11D0-8D11-00A0C91BC942}") = "TestsLab2", "TestsLab2\TestsLab2.vcxproj", "{30829544-B6B2-4007-923C-B012AE5B9A4A}"
	ProjectSection(ProjectDependencies) = postProject
		{4A19DF97-0825-4158-9692-288227EC09CF} = {4A19DF97-0825-4158-9692-288227EC09CF}
	EndProjectSection
EndProject
Project("{8BC9CEB8-8B4A-11D0-8D11-00A0C91BC942}") = "AlgorithmsLab5", "AlgorithmsLab5\AlgorithmsLab5.vcxproj", "{A11C3AA7-BBD8-40A4-8955-66D257686A1D}"
EndProject
Project("{8BC9CEB8-8B4A-11D0-8D11-00A0C91BC942}") = "TestsLab5", "TestsLab5\TestsLab5.vcxproj", "{763915A6-220B-4AEB-8612-9361AA22418C}"
EndProject
Project("{8BC9CEB8-8B4A-11D0-8D11-00A0C91BC942}") = "AlgorithmsLab18", "AlgorithmsLab18\AlgorithmsLab18.vcxproj", "{51CA7CE7-F7E6-484B-BA47-BCAB1F923DF8}"
EndProject
Global
	GlobalSection(SolutionConfigurationPlatforms) = preSolution
		Debug|x64 = Debug|x64
		Debug|x86 = Debug|x86
		Release|x64 = Release|x64
		Release|x86 = Release|x86
	EndGlobalSection
	GlobalSection(ProjectConfigurationPlatforms) = postSolution
		{0C0AF133-DDDF-407F-90E2-B078E92801E7}.Debug|x64.ActiveCfg = Debug|x64
		{0C0AF133-DDDF-407F-90E2-B078E92801E7}.Debug|x64.Build.0 = Debug|x64
		{0C0AF133-DDDF-407F-90E2-B078E92801E7}.Debug|x86.ActiveCfg = Debug|Win32
		{0C0AF133-DDDF-407F-90E2-B078E92801E7}.Debug|x86.Build.0 = Debug|Win32
		{0C0AF133-DDDF-407F-90E2-B078E92801E7}.Release|x64.ActiveCfg = Release|x64
		{0C0AF133-DDDF-407F-90E2-B078E92801E7}.Release|x64.Build.0 = Release|x64
		{0C0AF133-DDDF-407F-90E2-B078E92801E7}.Release|x86.ActiveCfg = Release|Win32
		{0C0AF133-DDDF-407F-90E2-B078E92801E7}.Release|x86.Build.0 = Release|Win32
		{4A19DF97-0825-4158-9692-288227EC09CF}.Debug|x64.ActiveCfg = Debug|x64
		{4A19DF97-0825-4158-9692-288227EC09CF}.Debug|x64.Build.0 = Debug|x64
		{4A19DF97-0825-4158-9692-288227EC09CF}.Debug|x86.ActiveCfg = Debug|Win32
		{4A19DF97-0825-4158-9692-288227EC09CF}.Debug|x86.Build.0 = Debug|Win32
		{4A19DF97-0825-4158-9692-288227EC09CF}.Release|x64.ActiveCfg = Release|x64
		{4A19DF97-0825-4158-9692-288227EC09CF}.Release|x64.Build.0 = Release|x64
		{4A19DF97-0825-4158-9692-288227EC09CF}.Release|x86.ActiveCfg = Release|Win32
		{4A19DF97-0825-4158-9692-288227EC09CF}.Release|x86.Build.0 = Release|Win32
		{30829544-B6B2-4007-923C-B012AE5B9A4A}.Debug|x64.ActiveCfg = Debug|x64
		{30829544-B6B2-4007-923C-B012AE5B9A4A}.Debug|x64.Build.0 = Debug|x64
		{30829544-B6B2-4007-923C-B012AE5B9A4A}.Debug|x86.ActiveCfg = Debug|Win32
		{30829544-B6B2-4007-923C-B012AE5B9A4A}.Debug|x86.Build.0 = Debug|Win32
		{30829544-B6B2-4007-923C-B012AE5B9A4A}.Release|x64.ActiveCfg = Release|x64
		{30829544-B6B2-4007-923C-B012AE5B9A4A}.Release|x64.Build.0 = Release|x64
		{30829544-B6B2-4007-923C-B012AE5B9A4A}.Release|x86.ActiveCfg = Release|Win32
		{30829544-B6B2-4007-923C-B012AE5B9A4A}.Release|x86.Build.0 = Release|Win32
		{A11C3AA7-BBD8-40A4-8955-66D257686A1D}.Debug|x64.ActiveCfg = Debug|x64
		{A11C3AA7-BBD8-40A4-8955-66D257686A1D}.Debug|x64.Build.0 = Debug|x64
		{A11C3AA7-BBD8-40A4-8955-66D257686A1D}.Debug|x86.ActiveCfg = Debug|Win32
		{A11C3AA7-BBD8-40A4-8955-66D257686A1D}.Debug|x86.Build.0 = Debug|Win32
		{A11C3AA7-BBD8-40A4-8955-66D257686A1D}.Release|x64.ActiveCfg = Release|x64
		{A11C3AA7-BBD8-40A4-8955-66D257686A1D}.Release|x64.Build.0 = Release|x64
		{A11C3AA7-BBD8-40A4-8955-66D257686A1D}.Release|x86.ActiveCfg = Release|Win32
		{A11C3AA7-BBD8-40A4-8955-66D257686A1D}.Release|x86.Build.0 = Release|Win32
		{763915A6-220B-4AEB-8612-9361AA22418C}.Debug|x64.ActiveCfg = Debug|x64
		{763915A6-220B-4AEB-8612-9361AA22418C}.Debug|x64.Build.0 = Debug|x64
		{763915A6-220B-4AEB-8612-9361AA22418C}.Debug|x86.ActiveCfg = Debug|Win32
		{763915A6-220B-4AEB-8612-9361AA22418C}.Debug|x86.Build.0 = Debug|Win32
		{763915A6-220B-4AEB-8612-9361AA22418C}.Release|x64.ActiveCfg = Release|x64
		{763915A6-220B-4AEB-8612-9361AA22418C}.Release|x64.Build.0 = Release|x64
		{763915A6-220B-4AEB-8612-9361AA22418C}.Release|x86.ActiveCfg = Release|Win32
		{763915A6-220B-4AEB-8612-9361AA22418C}.Release|x86.Build.0 = Release|Win32
		{51CA7CE7-F7E6-484B-BA47-BCAB1F923DF8}.Debug|x64.ActiveCfg = Debug|x64
		{51CA7CE7-F7E6-484B-BA47-BCAB1F923DF8}.Debug|x64.Build.0 = Debug|x64
		{51CA7CE7-F7E6-484B-BA47-BCAB1F923DF8}.Debug|x86.ActiveCfg = Debug|Win32
		{51CA7CE7-F7E6-484B-BA47-BCAB1F923DF8}.Debug|x86.Build.0 = Debug|Win32
		{51CA7CE7-F7E6-484B-BA47-BCAB1F923DF8}.Release|x64.ActiveCfg = Release|x64
		{51CA7CE7-F7E6-484B-BA47-BCAB1F923DF8}.Release|x64.Build.0 = Release|x64
		{51CA7CE7-F7E6-484B-BA47-BCAB1F923DF8}.Release|x86.ActiveCfg = Release|Win32
		{51CA7CE7-F7E6-484B-BA47-BCAB1F923DF8}.Release|x86.Build.0 = Release|Win32
	EndGlobalSection
	GlobalSection(SolutionProperties) = preSolution
		HideSolutionNode = FALSE
	EndGlobalSection
	GlobalSection(ExtensibilityGlobals) = postSolution
		SolutionGuid = {6010BA10-A523-4A3E-A14C-528CC4E2317B}
	EndGlobalSection
EndGlobal
